
Microsoft Visual Studio Solution File, Format Version 12.00
# Visual Studio 15
VisualStudioVersion = 15.0.26403.7
MinimumVisualStudioVersion = 10.0.40219.1
Project("{FAE04EC0-301F-11D3-BF4B-00C04F79EFBC}") = "EfDatabase", "EfDatabase\EfDatabase.csproj", "{B54748D1-066C-4F4D-B1C6-F827CB2DB129}"
EndProject
Project("{FAE04EC0-301F-11D3-BF4B-00C04F79EFBC}") = "UnitTestProj", "UnitTestProj\UnitTestProj.csproj", "{32986176-2798-4AD5-86DE-28604CF3DA5B}"
EndProject
Project("{FAE04EC0-301F-11D3-BF4B-00C04F79EFBC}") = "WebAPI", "WebAPI\WebAPI.csproj", "{83BC2B0D-922D-4DBE-B9D2-29DA8C95255E}"
EndProject
Project("{FAE04EC0-301F-11D3-BF4B-00C04F79EFBC}") = "WebUI.v1", "WebUI.v1\WebUI.v1.csproj", "{5B3D355A-5D4B-4B1C-9B6A-F32A872FE515}"
EndProject
Global
	GlobalSection(SolutionConfigurationPlatforms) = preSolution
		Debug|Any CPU = Debug|Any CPU
		Release|Any CPU = Release|Any CPU
	EndGlobalSection
	GlobalSection(ProjectConfigurationPlatforms) = postSolution
		{B54748D1-066C-4F4D-B1C6-F827CB2DB129}.Debug|Any CPU.ActiveCfg = Debug|Any CPU
		{B54748D1-066C-4F4D-B1C6-F827CB2DB129}.Debug|Any CPU.Build.0 = Debug|Any CPU
		{B54748D1-066C-4F4D-B1C6-F827CB2DB129}.Release|Any CPU.ActiveCfg = Release|Any CPU
		{B54748D1-066C-4F4D-B1C6-F827CB2DB129}.Release|Any CPU.Build.0 = Release|Any CPU
		{32986176-2798-4AD5-86DE-28604CF3DA5B}.Debug|Any CPU.ActiveCfg = Debug|Any CPU
		{32986176-2798-4AD5-86DE-28604CF3DA5B}.Debug|Any CPU.Build.0 = Debug|Any CPU
		{32986176-2798-4AD5-86DE-28604CF3DA5B}.Release|Any CPU.ActiveCfg = Release|Any CPU
		{32986176-2798-4AD5-86DE-28604CF3DA5B}.Release|Any CPU.Build.0 = Release|Any CPU
		{83BC2B0D-922D-4DBE-B9D2-29DA8C95255E}.Debug|Any CPU.ActiveCfg = Debug|Any CPU
		{83BC2B0D-922D-4DBE-B9D2-29DA8C95255E}.Debug|Any CPU.Build.0 = Debug|Any CPU
		{83BC2B0D-922D-4DBE-B9D2-29DA8C95255E}.Release|Any CPU.ActiveCfg = Release|Any CPU
		{83BC2B0D-922D-4DBE-B9D2-29DA8C95255E}.Release|Any CPU.Build.0 = Release|Any CPU
		{5B3D355A-5D4B-4B1C-9B6A-F32A872FE515}.Debug|Any CPU.ActiveCfg = Debug|Any CPU
		{5B3D355A-5D4B-4B1C-9B6A-F32A872FE515}.Debug|Any CPU.Build.0 = Debug|Any CPU
		{5B3D355A-5D4B-4B1C-9B6A-F32A872FE515}.Release|Any CPU.ActiveCfg = Release|Any CPU
		{5B3D355A-5D4B-4B1C-9B6A-F32A872FE515}.Release|Any CPU.Build.0 = Release|Any CPU
	EndGlobalSection
	GlobalSection(SolutionProperties) = preSolution
		HideSolutionNode = FALSE
	EndGlobalSection
EndGlobal
